# This file is autogenerated, do not edit; changes may be undone by the next 'dep ensure'.


[[projects]]
  branch = "master"
  digest = "1:ff5d5315fb70ba417c4eae3afee1b235d4729779ef40573c0b4c9a396d00670d"
  name = "github.com/function61/gokit"
  packages = [
    "dynversion",
    "envvar",
    "ezhttp",
    "logex",
    "ossignal",
    "stopper",
  ]
  pruneopts = "UT"
  revision = "aed9c6f63461b4ce88f94cc299cc067355cd3128"

[solve-meta]
  analyzer-name = "dep"
  analyzer-version = 1
  input-imports = [
    "github.com/function61/gokit/dynversion",
    "github.com/function61/gokit/envvar",
    "github.com/function61/gokit/ezhttp",
    "github.com/function61/gokit/logex",
    "github.com/function61/gokit/ossignal",
    "github.com/function61/gokit/stopper",
  ]
  solver-name = "gps-cdcl"
  solver-version = 1
