# This file is autogenerated, do not edit; changes may be undone by the next 'dep ensure'.


[[projects]]
  branch = "master"
  digest = "1:1ed50ee5d79aaaf467af6b7f53662b7488ea74f4c95cc7fe82b742d2f337ab21"
  name = "github.com/function61/gokit"
  packages = [
    "assert",
    "dynversion",
    "envvar",
    "ezhttp",
    "logex",
    "ossignal",
    "stopper",
  ]
  pruneopts = "UT"
  revision = "aed9c6f63461b4ce88f94cc299cc067355cd3128"

[solve-meta]
  analyzer-name = "dep"
  analyzer-version = 1
  input-imports = [
    "github.com/function61/gokit/assert",
    "github.com/function61/gokit/dynversion",
    "github.com/function61/gokit/envvar",
    "github.com/function61/gokit/ezhttp",
    "github.com/function61/gokit/logex",
    "github.com/function61/gokit/ossignal",
    "github.com/function61/gokit/stopper",
  ]
  solver-name = "gps-cdcl"
  solver-version = 1
